{
  "R": {
    "Version": "4.2.2",
    "Repositories": [
      {
        "Name": "CRAN",
        "URL": "https://cran.rstudio.com"
      }
    ]
  },
  "Packages": {
    "R6": {
      "Package": "R6",
      "Version": "2.5.1",
      "Source": "CRAN"
    },
    "RColorBrewer": {
      "Package": "RColorBrewer",
      "Version": "1.1-3",
      "Source": "CRAN"
    },
    "base64enc": {
      "Package": "base64enc",
      "Version": "0.1-3",
      "Source": "CRAN"
    },
    "bit": {
      "Package": "bit",
      "Version": "4.0.5",
      "Source": "CRAN"
    },
    "bit64": {
      "Package": "bit64",
      "Version": "4.0.5",
      "Source": "CRAN"
    },
    "bslib": {
      "Package": "bslib",
      "Version": "0.4.2",
      "Source": "CRAN"
    },
    "cachem": {
      "Package": "cachem",
      "Version": "1.0.6",
      "Source": "CRAN"
    },
    "cli": {
      "Package": "cli",
      "Version": "3.6.0",
      "Source": "CRAN"
    },
    "clipr": {
      "Package": "clipr",
      "Version": "0.8.0",
      "Source": "CRAN"
    },
    "colorspace": {
      "Package": "colorspace",
      "Version": "2.1-0",
      "Source": "CRAN"
    },
    "commonmark": {
      "Package": "commonmark",
      "Version": "1.8.1",
      "Source": "CRAN"
    },
    "cpp11": {
      "Package": "cpp11",
      "Version": "0.4.3",
      "Source": "CRAN"
    },
    "crayon": {
      "Package": "crayon",
      "Version": "1.5.2",
      "Source": "CRAN"
    },
    "digest": {
      "Package": "digest",
      "Version": "0.6.31",
      "Source": "CRAN"
    },
    "dplyr": {
      "Package": "dplyr",
      "Version": "1.1.0",
      "Source": "CRAN"
    },
    "ellipsis": {
      "Package": "ellipsis",
      "Version": "0.3.2",
      "Source": "CRAN"
    },
    "evaluate": {
      "Package": "evaluate",
      "Version": "0.20",
      "Source": "CRAN"
    },
    "fansi": {
      "Package": "fansi",
      "Version": "1.0.4",
      "Source": "CRAN"
    },
    "farver": {
      "Package": "farver",
      "Version": "2.1.1",
      "Source": "CRAN"
    },
    "fastmap": {
      "Package": "fastmap",
      "Version": "1.1.0",
      "Source": "CRAN"
    },
    "fs": {
      "Package": "fs",
      "Version": "1.6.1",
      "Source": "CRAN"
    },
    "generics": {
      "Package": "generics",
      "Version": "0.1.3",
      "Source": "CRAN"
    },
    "ggplot2": {
      "Package": "ggplot2",
      "Version": "3.4.1",
      "Source": "CRAN"
    },
    "glue": {
      "Package": "glue",
      "Version": "1.6.2",
      "Source": "CRAN"
    },
    "gtable": {
      "Package": "gtable",
      "Version": "0.3.1",
      "Source": "CRAN"
    },
    "highr": {
      "Package": "highr",
      "Version": "0.10",
      "Source": "CRAN"
    },
    "hms": {
      "Package": "hms",
      "Version": "1.1.2",
      "Source": "CRAN"
    },
    "htmltools": {
      "Package": "htmltools",
      "Version": "0.5.4",
      "Source": "CRAN"
    },
    "isoband": {
      "Package": "isoband",
      "Version": "0.2.7",
      "Source": "CRAN"
    },
    "jquerylib": {
      "Package": "jquerylib",
      "Version": "0.1.4",
      "Source": "CRAN"
    },
    "jsonlite": {
      "Package": "jsonlite",
      "Version": "1.8.4",
      "Source": "CRAN"
    },
    "knitr": {
      "Package": "knitr",
      "Version": "1.41",
      "Source": "CRAN"
    },
    "labeling": {
      "Package": "labeling",
      "Version": "0.4.2",
      "Source": "CRAN"
    },
    "lifecycle": {
      "Package": "lifecycle",
      "Version": "1.0.3",
      "Source": "CRAN"
    },
    "magrittr": {
      "Package": "magrittr",
      "Version": "2.0.3",
      "Source": "CRAN"
    },
    "markdown": {
      "Package": "markdown",
      "Version": "1.5",
      "Source": "CRAN"
    },
    "memoise": {
      "Package": "memoise",
      "Version": "2.0.1",
      "Source": "CRAN"
    },
    "mime": {
      "Package": "mime",
      "Version": "0.12",
      "Source": "CRAN"
    },
    "munsell": {
      "Package": "munsell",
      "Version": "0.5.0",
      "Source": "CRAN"
    },
    "packrat": {
      "Package": "packrat",
      "Version": "0.9.1",
      "Source": "CRAN"
    },
    "pillar": {
      "Package": "pillar",
      "Version": "1.8.1",
      "Source": "CRAN"
    },
    "pkgconfig": {
      "Package": "pkgconfig",
      "Version": "2.0.3",
      "Source": "CRAN"
    },
    "prettydoc": {
      "Package": "prettydoc",
      "Version": "0.4.1",
      "Source": "CRAN"
    },
    "prettyunits": {
      "Package": "prettyunits",
      "Version": "1.1.1",
      "Source": "CRAN"
    },
    "progress": {
      "Package": "progress",
      "Version": "1.2.2",
      "Source": "CRAN"
    },
    "purrr": {
      "Package": "purrr",
      "Version": "1.0.1",
      "Source": "CRAN"
    },
    "rappdirs": {
      "Package": "rappdirs",
      "Version": "0.3.3",
      "Source": "CRAN"
    },
    "readr": {
      "Package": "readr",
      "Version": "2.1.4",
      "Source": "CRAN"
    },
    "rlang": {
      "Package": "rlang",
      "Version": "1.0.6",
      "Source": "CRAN"
    },
    "rmarkdown": {
      "Package": "rmarkdown",
      "Version": "2.19",
      "Source": "CRAN"
    },
    "sass": {
      "Package": "sass",
      "Version": "0.4.4",
      "Source": "CRAN"
    },
    "scales": {
      "Package": "scales",
      "Version": "1.2.1",
      "Source": "CRAN"
    },
    "stringi": {
      "Package": "stringi",
      "Version": "1.7.12",
      "Source": "CRAN"
    },
    "stringr": {
      "Package": "stringr",
      "Version": "1.5.0",
      "Source": "CRAN"
    },
    "tibble": {
      "Package": "tibble",
      "Version": "3.1.8",
      "Source": "CRAN"
    },
    "tidyr": {
      "Package": "tidyr",
      "Version": "1.3.0",
      "Source": "CRAN"
    },
    "tidyselect": {
      "Package": "tidyselect",
      "Version": "1.2.0",
      "Source": "CRAN"
    },
    "tinytex": {
      "Package": "tinytex",
      "Version": "0.43",
      "Source": "CRAN"
    },
    "tzdb": {
      "Package": "tzdb",
      "Version": "0.3.0",
      "Source": "CRAN"
    },
    "utf8": {
      "Package": "utf8",
      "Version": "1.2.3",
      "Source": "CRAN"
    },
    "vctrs": {
      "Package": "vctrs",
      "Version": "0.5.2",
      "Source": "CRAN"
    },
    "viridisLite": {
      "Package": "viridisLite",
      "Version": "0.4.1",
      "Source": "CRAN"
    },
    "vroom": {
      "Package": "vroom",
      "Version": "1.6.1",
      "Source": "CRAN"
    },
    "withr": {
      "Package": "withr",
      "Version": "2.5.0",
      "Source": "CRAN"
    },
    "xfun": {
      "Package": "xfun",
      "Version": "0.36",
      "Source": "CRAN"
    },
    "yaml": {
      "Package": "yaml",
      "Version": "2.3.6",
      "Source": "CRAN"
    }
  }
}
